
Microsoft Visual Studio Solution File, Format Version 12.00
# Visual Studio Version 17
VisualStudioVersion = 17.7.34221.43
MinimumVisualStudioVersion = 10.0.40219.1
Project("{FAE04EC0-301F-11D3-BF4B-00C04F79EFBC}") = "voiceRecognizatonSystems", "voiceRecognizatonSystems\voiceRecognizatonSystems.csproj", "{8026CC24-559C-4EC6-8DBC-B47917FD9631}"
EndProject
Project("{2150E333-8FDC-42A3-9474-1A3956D46DE8}") = "Solution Items", "Solution Items", "{F73083FE-E0A2-4F41-9348-F703A502B3F3}"
	ProjectSection(SolutionItems) = preProject
		.editorconfig = .editorconfig
	EndProjectSection
EndProject
Global
	GlobalSection(SolutionConfigurationPlatforms) = preSolution
		Debug|Any CPU = Debug|Any CPU
		Release|Any CPU = Release|Any CPU
	EndGlobalSection
	GlobalSection(ProjectConfigurationPlatforms) = postSolution
		{8026CC24-559C-4EC6-8DBC-B47917FD9631}.Debug|Any CPU.ActiveCfg = Debug|Any CPU
		{8026CC24-559C-4EC6-8DBC-B47917FD9631}.Debug|Any CPU.Build.0 = Debug|Any CPU
		{8026CC24-559C-4EC6-8DBC-B47917FD9631}.Release|Any CPU.ActiveCfg = Release|Any CPU
		{8026CC24-559C-4EC6-8DBC-B47917FD9631}.Release|Any CPU.Build.0 = Release|Any CPU
	EndGlobalSection
	GlobalSection(SolutionProperties) = preSolution
		HideSolutionNode = FALSE
	EndGlobalSection
	GlobalSection(ExtensibilityGlobals) = postSolution
		SolutionGuid = {9A228DFF-A065-4F6A-83C5-83F3B16D3988}
	EndGlobalSection
EndGlobal
