
Microsoft Visual Studio Solution File, Format Version 12.00
# Visual Studio Version 17
VisualStudioVersion = 17.7.34221.43
MinimumVisualStudioVersion = 10.0.40219.1
Project("{F184B08F-C81C-45F6-A57F-5ABD9991F28F}") = "SportifyClone", "SportifyClone\SportifyClone.vbproj", "{D3ABFB12-731E-4594-B9E7-E70F7ABD87A6}"
EndProject
Global
	GlobalSection(SolutionConfigurationPlatforms) = preSolution
		Debug|Any CPU = Debug|Any CPU
		Release|Any CPU = Release|Any CPU
	EndGlobalSection
	GlobalSection(ProjectConfigurationPlatforms) = postSolution
		{D3ABFB12-731E-4594-B9E7-E70F7ABD87A6}.Debug|Any CPU.ActiveCfg = Debug|Any CPU
		{D3ABFB12-731E-4594-B9E7-E70F7ABD87A6}.Debug|Any CPU.Build.0 = Debug|Any CPU
		{D3ABFB12-731E-4594-B9E7-E70F7ABD87A6}.Release|Any CPU.ActiveCfg = Release|Any CPU
		{D3ABFB12-731E-4594-B9E7-E70F7ABD87A6}.Release|Any CPU.Build.0 = Release|Any CPU
	EndGlobalSection
	GlobalSection(SolutionProperties) = preSolution
		HideSolutionNode = FALSE
	EndGlobalSection
	GlobalSection(ExtensibilityGlobals) = postSolution
		SolutionGuid = {1FB6CBD2-2D4F-47FD-A82F-42CDCA27432F}
	EndGlobalSection
EndGlobal
